
Microsoft Visual Studio Solution File, Format Version 12.00
# Visual Studio 2013
VisualStudioVersion = 12.0.21005.1
MinimumVisualStudioVersion = 10.0.40219.1
Project("{FAE04EC0-301F-11D3-BF4B-00C04F79EFBC}") = "AxxessLibrary", "ConsoleApplication2\AxxessLibrary.csproj", "{4C901EE2-0880-43B5-94FE-1629222A19CF}"
EndProject
Project("{FAE04EC0-301F-11D3-BF4B-00C04F79EFBC}") = "MetraApplication", "MetraApplication\MetraApplication.csproj", "{C5A725BD-ECE8-440E-BCA2-B74B5F08A8E0}"
EndProject
Project("{FAE04EC0-301F-11D3-BF4B-00C04F79EFBC}") = "MetraWPFBrowserApp", "MetraWPFBrowserApp\MetraWPFBrowserApp.csproj", "{43C61A51-345F-4E53-952E-640A3C3E8989}"
EndProject
Project("{6141683F-8A12-4E36-9623-2EB02B2C2303}") = "MetraAppForWindowsSetup", "MetraAppForWindowsSetup\MetraAppForWindowsSetup.isproj", "{C068EAED-F33B-4374-A8D0-9E49B3E89CA7}"
	ProjectSection(ProjectDependencies) = postProject
		{43C61A51-345F-4E53-952E-640A3C3E8989} = {43C61A51-345F-4E53-952E-640A3C3E8989}
	EndProjectSection
EndProject
Global
	GlobalSection(SolutionConfigurationPlatforms) = preSolution
		CD_ROM|Any CPU = CD_ROM|Any CPU
		Debug|Any CPU = Debug|Any CPU
		DVD-5|Any CPU = DVD-5|Any CPU
		Release|Any CPU = Release|Any CPU
		SingleImage|Any CPU = SingleImage|Any CPU
	EndGlobalSection
	GlobalSection(ProjectConfigurationPlatforms) = postSolution
		{4C901EE2-0880-43B5-94FE-1629222A19CF}.CD_ROM|Any CPU.ActiveCfg = Release|Any CPU
		{4C901EE2-0880-43B5-94FE-1629222A19CF}.CD_ROM|Any CPU.Build.0 = Release|Any CPU
		{4C901EE2-0880-43B5-94FE-1629222A19CF}.Debug|Any CPU.ActiveCfg = Debug|Any CPU
		{4C901EE2-0880-43B5-94FE-1629222A19CF}.Debug|Any CPU.Build.0 = Debug|Any CPU
		{4C901EE2-0880-43B5-94FE-1629222A19CF}.DVD-5|Any CPU.ActiveCfg = Debug|Any CPU
		{4C901EE2-0880-43B5-94FE-1629222A19CF}.DVD-5|Any CPU.Build.0 = Debug|Any CPU
		{4C901EE2-0880-43B5-94FE-1629222A19CF}.Release|Any CPU.ActiveCfg = Release|Any CPU
		{4C901EE2-0880-43B5-94FE-1629222A19CF}.Release|Any CPU.Build.0 = Release|Any CPU
		{4C901EE2-0880-43B5-94FE-1629222A19CF}.SingleImage|Any CPU.ActiveCfg = Release|Any CPU
		{4C901EE2-0880-43B5-94FE-1629222A19CF}.SingleImage|Any CPU.Build.0 = Release|Any CPU
		{C5A725BD-ECE8-440E-BCA2-B74B5F08A8E0}.CD_ROM|Any CPU.ActiveCfg = Release|Any CPU
		{C5A725BD-ECE8-440E-BCA2-B74B5F08A8E0}.CD_ROM|Any CPU.Build.0 = Release|Any CPU
		{C5A725BD-ECE8-440E-BCA2-B74B5F08A8E0}.Debug|Any CPU.ActiveCfg = Debug|Any CPU
		{C5A725BD-ECE8-440E-BCA2-B74B5F08A8E0}.Debug|Any CPU.Build.0 = Debug|Any CPU
		{C5A725BD-ECE8-440E-BCA2-B74B5F08A8E0}.DVD-5|Any CPU.ActiveCfg = Debug|Any CPU
		{C5A725BD-ECE8-440E-BCA2-B74B5F08A8E0}.DVD-5|Any CPU.Build.0 = Debug|Any CPU
		{C5A725BD-ECE8-440E-BCA2-B74B5F08A8E0}.Release|Any CPU.ActiveCfg = Release|Any CPU
		{C5A725BD-ECE8-440E-BCA2-B74B5F08A8E0}.Release|Any CPU.Build.0 = Release|Any CPU
		{C5A725BD-ECE8-440E-BCA2-B74B5F08A8E0}.SingleImage|Any CPU.ActiveCfg = Release|Any CPU
		{C5A725BD-ECE8-440E-BCA2-B74B5F08A8E0}.SingleImage|Any CPU.Build.0 = Release|Any CPU
		{43C61A51-345F-4E53-952E-640A3C3E8989}.CD_ROM|Any CPU.ActiveCfg = Release|Any CPU
		{43C61A51-345F-4E53-952E-640A3C3E8989}.CD_ROM|Any CPU.Build.0 = Release|Any CPU
		{43C61A51-345F-4E53-952E-640A3C3E8989}.Debug|Any CPU.ActiveCfg = Debug|Any CPU
		{43C61A51-345F-4E53-952E-640A3C3E8989}.Debug|Any CPU.Build.0 = Debug|Any CPU
		{43C61A51-345F-4E53-952E-640A3C3E8989}.DVD-5|Any CPU.ActiveCfg = Debug|Any CPU
		{43C61A51-345F-4E53-952E-640A3C3E8989}.DVD-5|Any CPU.Build.0 = Debug|Any CPU
		{43C61A51-345F-4E53-952E-640A3C3E8989}.Release|Any CPU.ActiveCfg = Release|Any CPU
		{43C61A51-345F-4E53-952E-640A3C3E8989}.Release|Any CPU.Build.0 = Release|Any CPU
		{43C61A51-345F-4E53-952E-640A3C3E8989}.SingleImage|Any CPU.ActiveCfg = Release|Any CPU
		{43C61A51-345F-4E53-952E-640A3C3E8989}.SingleImage|Any CPU.Build.0 = Release|Any CPU
		{C068EAED-F33B-4374-A8D0-9E49B3E89CA7}.CD_ROM|Any CPU.ActiveCfg = CD_ROM
		{C068EAED-F33B-4374-A8D0-9E49B3E89CA7}.CD_ROM|Any CPU.Build.0 = CD_ROM
		{C068EAED-F33B-4374-A8D0-9E49B3E89CA7}.Debug|Any CPU.ActiveCfg = DVD-5
		{C068EAED-F33B-4374-A8D0-9E49B3E89CA7}.Debug|Any CPU.Build.0 = DVD-5
		{C068EAED-F33B-4374-A8D0-9E49B3E89CA7}.DVD-5|Any CPU.ActiveCfg = DVD-5
		{C068EAED-F33B-4374-A8D0-9E49B3E89CA7}.DVD-5|Any CPU.Build.0 = DVD-5
		{C068EAED-F33B-4374-A8D0-9E49B3E89CA7}.Release|Any CPU.ActiveCfg = SingleImage
		{C068EAED-F33B-4374-A8D0-9E49B3E89CA7}.Release|Any CPU.Build.0 = SingleImage
		{C068EAED-F33B-4374-A8D0-9E49B3E89CA7}.SingleImage|Any CPU.ActiveCfg = SingleImage
		{C068EAED-F33B-4374-A8D0-9E49B3E89CA7}.SingleImage|Any CPU.Build.0 = SingleImage
	EndGlobalSection
	GlobalSection(SolutionProperties) = preSolution
		HideSolutionNode = FALSE
	EndGlobalSection
EndGlobal
